# This file is automatically @generated by Cargo.
# It is not intended for manual editing.
version = 3

[[package]]
name = "omw-acp"
version = "0.0.0"

[[package]]
name = "omw-audit"
version = "0.0.0"

[[package]]
name = "omw-cli"
version = "0.0.0"

[[package]]
name = "omw-config"
version = "0.0.0"

[[package]]
name = "omw-keychain"
version = "0.0.0"

[[package]]
name = "omw-policy"
version = "0.0.0"

[[package]]
name = "omw-pty"
version = "0.0.0"

[[package]]
name = "omw-remote"
version = "0.0.0"

[[package]]
name = "omw-server"
version = "0.0.0"
